{
  "nodes": {
    "jdownloader": {
      "flake": false,
      "locked": {
        "narHash": "sha256-AQuueYVfZvH1VPlG0HAk+YMtWQmE2Q68XuwTdrjh0/w=",
        "type": "file",
        "url": "https://installer.jdownloader.org/JDownloader.jar"
      },
      "original": {
        "type": "file",
        "url": "https://installer.jdownloader.org/JDownloader.jar"
      }
    },
    "nixpkgs": {
      "locked": {
        "lastModified": 1765779637,
        "narHash": "sha256-KJ2wa/BLSrTqDjbfyNx70ov/HdgNBCBBSQP3BIzKnv4=",
        "owner": "NixOS",
        "repo": "nixpkgs",
        "rev": "1306659b587dc277866c7b69eb97e5f07864d8c4",
        "type": "github"
      },
      "original": {
        "id": "nixpkgs",
        "ref": "nixos-unstable",
        "type": "indirect"
      }
    },
    "root": {
      "inputs": {
        "jdownloader": "jdownloader",
        "nixpkgs": "nixpkgs"
      }
    }
  },
  "root": "root",
  "version": 7
}
