{
  "nodes": {
    "niri-icc": {
      "inputs": {
        "nixpkgs": [
          "nixpkgs"
        ]
      },
      "locked": {
        "lastModified": 1790726850,
        "narHash": "sha256-XTDSOxpEh9QvMJaHUJ2Pb3Enn18gQt3V9rn8Dj5WDO4=",
        "owner": "gonzalezerik",
        "repo": "niri",
        "rev": "cc9569694db3ca7c6f6cdf5bb39eca371fc5d37c",
        "type": "github"
      },
      "original": {
        "owner": "gonzalezerik",
        "ref": "erikg-hdr",
        "repo": "niri",
        "type": "github"
      }
    },
    "nixpkgs": {
      "locked": {
        "lastModified": 1790822859,
        "narHash": "sha256-69xHQhAeMAD2wDXO7T2pcOZIF9Sga2W+JkmY2a11Ops=",
        "owner": "NixOS",
        "repo": "nixpkgs",
        "rev": "c59305bab2065cfecc4944690d9eedbb56f3a9fa",
        "type": "github"
      },
      "original": {
        "owner": "NixOS",
        "ref": "nixos-unstable",
        "repo": "nixpkgs",
        "type": "github"
      }
    },
    "root": {
      "inputs": {
        "niri-icc": "niri-icc",
        "nixpkgs": "nixpkgs"
      }
    }
  },
  "root": "root",
  "version": 7
}
