{
  "nodes": {
    "nixpkgs": {
      "locked": {
        "lastModified": 1772519790,
        "narHash": "sha256-bTpbhUz/Wma7CdDuAqUdyFJKKYATeVgoVRIHE59i+Y0=",
        "owner": "NixOS",
        "repo": "nixpkgs",
        "rev": "ee22b1b160d6e1aa3c2542d6cf8e6df0fb82e558",
        "type": "github"
      },
      "original": {
        "id": "nixpkgs",
        "ref": "nixos-unstable",
        "type": "indirect"
      }
    },
    "root": {
      "inputs": {
        "nixpkgs": "nixpkgs"
      }
    }
  },
  "root": "root",
  "version": 7
}
